{
  "name": "ts-transformer-dates",
  "version": "1.0.0",
  "lockfileVersion": 1,
  "requires": true,
  "dependencies": {
    "@types/node": {
      "version": "13.1.6",
      "resolved": "http://r.cnpmjs.org/@types/node/download/@types/node-13.1.6.tgz",
      "integrity": "sha1-B2Ao0LBAC+gQW4mgpVVQyGaE/+w=",
      "dev": true
    },
    "typescript": {
      "version": "3.7.4",
      "resolved": "http://r.cnpmjs.org/typescript/download/typescript-3.7.4.tgz",
      "integrity": "sha1-F0Ol7F/vah+p8+RwjjPIHHOHbBk=",
      "dev": true
    }
  }
}
